
Microsoft Visual Studio Solution File, Format Version 12.00
# Visual Studio Version 17
VisualStudioVersion = 17.7.34202.233
MinimumVisualStudioVersion = 10.0.40219.1
Project("{FAE04EC0-301F-11D3-BF4B-00C04F79EFBC}") = "01-Variables, Constants, Comments, Input & Output", "01-Variables, Constants, Comments, Input & Output\01-Variables, Constants, Comments, Input & Output.csproj", "{1188DAFF-BEE4-4C05-83C2-57DD44CE5C3C}"
EndProject
Global
	GlobalSection(SolutionConfigurationPlatforms) = preSolution
		Debug|Any CPU = Debug|Any CPU
		Release|Any CPU = Release|Any CPU
	EndGlobalSection
	GlobalSection(ProjectConfigurationPlatforms) = postSolution
		{1188DAFF-BEE4-4C05-83C2-57DD44CE5C3C}.Debug|Any CPU.ActiveCfg = Debug|Any CPU
		{1188DAFF-BEE4-4C05-83C2-57DD44CE5C3C}.Debug|Any CPU.Build.0 = Debug|Any CPU
		{1188DAFF-BEE4-4C05-83C2-57DD44CE5C3C}.Release|Any CPU.ActiveCfg = Release|Any CPU
		{1188DAFF-BEE4-4C05-83C2-57DD44CE5C3C}.Release|Any CPU.Build.0 = Release|Any CPU
	EndGlobalSection
	GlobalSection(SolutionProperties) = preSolution
		HideSolutionNode = FALSE
	EndGlobalSection
	GlobalSection(ExtensibilityGlobals) = postSolution
		SolutionGuid = {07325B90-44BE-46CE-AB23-8A5BB85FC747}
	EndGlobalSection
EndGlobal
