
Microsoft Visual Studio Solution File, Format Version 12.00
# Visual Studio Version 17
VisualStudioVersion = 17.7.34202.233
MinimumVisualStudioVersion = 10.0.40219.1
Project("{FAE04EC0-301F-11D3-BF4B-00C04F79EFBC}") = "33-Multicasting", "33-Multicasting\33-Multicasting.csproj", "{71DAA67A-5ACC-4E52-8462-FBA6CF1CDDAA}"
EndProject
Global
	GlobalSection(SolutionConfigurationPlatforms) = preSolution
		Debug|Any CPU = Debug|Any CPU
		Release|Any CPU = Release|Any CPU
	EndGlobalSection
	GlobalSection(ProjectConfigurationPlatforms) = postSolution
		{71DAA67A-5ACC-4E52-8462-FBA6CF1CDDAA}.Debug|Any CPU.ActiveCfg = Debug|Any CPU
		{71DAA67A-5ACC-4E52-8462-FBA6CF1CDDAA}.Debug|Any CPU.Build.0 = Debug|Any CPU
		{71DAA67A-5ACC-4E52-8462-FBA6CF1CDDAA}.Release|Any CPU.ActiveCfg = Release|Any CPU
		{71DAA67A-5ACC-4E52-8462-FBA6CF1CDDAA}.Release|Any CPU.Build.0 = Release|Any CPU
	EndGlobalSection
	GlobalSection(SolutionProperties) = preSolution
		HideSolutionNode = FALSE
	EndGlobalSection
	GlobalSection(ExtensibilityGlobals) = postSolution
		SolutionGuid = {6DE13C87-C988-4FB2-8940-D420274E9CAC}
	EndGlobalSection
EndGlobal
