
Microsoft Visual Studio Solution File, Format Version 12.00
# Visual Studio Version 17
VisualStudioVersion = 17.7.34202.233
MinimumVisualStudioVersion = 10.0.40219.1
Project("{FAE04EC0-301F-11D3-BF4B-00C04F79EFBC}") = "29-Overriding and Polymorphism", "29-Overriding and Polymorphism\29-Overriding and Polymorphism.csproj", "{DB3C329C-0226-4C40-829E-196513E74AF3}"
EndProject
Global
	GlobalSection(SolutionConfigurationPlatforms) = preSolution
		Debug|Any CPU = Debug|Any CPU
		Release|Any CPU = Release|Any CPU
	EndGlobalSection
	GlobalSection(ProjectConfigurationPlatforms) = postSolution
		{DB3C329C-0226-4C40-829E-196513E74AF3}.Debug|Any CPU.ActiveCfg = Debug|Any CPU
		{DB3C329C-0226-4C40-829E-196513E74AF3}.Debug|Any CPU.Build.0 = Debug|Any CPU
		{DB3C329C-0226-4C40-829E-196513E74AF3}.Release|Any CPU.ActiveCfg = Release|Any CPU
		{DB3C329C-0226-4C40-829E-196513E74AF3}.Release|Any CPU.Build.0 = Release|Any CPU
	EndGlobalSection
	GlobalSection(SolutionProperties) = preSolution
		HideSolutionNode = FALSE
	EndGlobalSection
	GlobalSection(ExtensibilityGlobals) = postSolution
		SolutionGuid = {66C2CB56-0E95-44EB-8FF8-2D595FA4B422}
	EndGlobalSection
EndGlobal
