
Microsoft Visual Studio Solution File, Format Version 12.00
# Visual Studio Version 17
VisualStudioVersion = 17.7.34202.233
MinimumVisualStudioVersion = 10.0.40219.1
Project("{FAE04EC0-301F-11D3-BF4B-00C04F79EFBC}") = "31-Interfaces", "31-Interfaces\31-Interfaces.csproj", "{4C685E89-5F79-4A9D-BD42-749BFC1BF709}"
EndProject
Global
	GlobalSection(SolutionConfigurationPlatforms) = preSolution
		Debug|Any CPU = Debug|Any CPU
		Release|Any CPU = Release|Any CPU
	EndGlobalSection
	GlobalSection(ProjectConfigurationPlatforms) = postSolution
		{4C685E89-5F79-4A9D-BD42-749BFC1BF709}.Debug|Any CPU.ActiveCfg = Debug|Any CPU
		{4C685E89-5F79-4A9D-BD42-749BFC1BF709}.Debug|Any CPU.Build.0 = Debug|Any CPU
		{4C685E89-5F79-4A9D-BD42-749BFC1BF709}.Release|Any CPU.ActiveCfg = Release|Any CPU
		{4C685E89-5F79-4A9D-BD42-749BFC1BF709}.Release|Any CPU.Build.0 = Release|Any CPU
	EndGlobalSection
	GlobalSection(SolutionProperties) = preSolution
		HideSolutionNode = FALSE
	EndGlobalSection
	GlobalSection(ExtensibilityGlobals) = postSolution
		SolutionGuid = {5016B0AF-3CCF-49F6-9C11-9411D8B7E356}
	EndGlobalSection
EndGlobal
