
Microsoft Visual Studio Solution File, Format Version 12.00
# Visual Studio Version 17
VisualStudioVersion = 17.7.34202.233
MinimumVisualStudioVersion = 10.0.40219.1
Project("{FAE04EC0-301F-11D3-BF4B-00C04F79EFBC}") = "36-ArrayList", "36-ArrayList\36-ArrayList.csproj", "{BC4669F7-4002-46EB-9598-AFFE708401A4}"
EndProject
Global
	GlobalSection(SolutionConfigurationPlatforms) = preSolution
		Debug|Any CPU = Debug|Any CPU
		Release|Any CPU = Release|Any CPU
	EndGlobalSection
	GlobalSection(ProjectConfigurationPlatforms) = postSolution
		{BC4669F7-4002-46EB-9598-AFFE708401A4}.Debug|Any CPU.ActiveCfg = Debug|Any CPU
		{BC4669F7-4002-46EB-9598-AFFE708401A4}.Debug|Any CPU.Build.0 = Debug|Any CPU
		{BC4669F7-4002-46EB-9598-AFFE708401A4}.Release|Any CPU.ActiveCfg = Release|Any CPU
		{BC4669F7-4002-46EB-9598-AFFE708401A4}.Release|Any CPU.Build.0 = Release|Any CPU
	EndGlobalSection
	GlobalSection(SolutionProperties) = preSolution
		HideSolutionNode = FALSE
	EndGlobalSection
	GlobalSection(ExtensibilityGlobals) = postSolution
		SolutionGuid = {AA03BD42-4D4C-4BD8-A5D8-93FFE8D3A070}
	EndGlobalSection
EndGlobal
