
Microsoft Visual Studio Solution File, Format Version 12.00
# Visual Studio Version 17
VisualStudioVersion = 17.7.34202.233
MinimumVisualStudioVersion = 10.0.40219.1
Project("{FAE04EC0-301F-11D3-BF4B-00C04F79EFBC}") = "20-Console and Others", "20-Console and Others\20-Console and Others.csproj", "{F28C1A50-FE22-4391-B451-70A22761B7FC}"
EndProject
Global
	GlobalSection(SolutionConfigurationPlatforms) = preSolution
		Debug|Any CPU = Debug|Any CPU
		Release|Any CPU = Release|Any CPU
	EndGlobalSection
	GlobalSection(ProjectConfigurationPlatforms) = postSolution
		{F28C1A50-FE22-4391-B451-70A22761B7FC}.Debug|Any CPU.ActiveCfg = Debug|Any CPU
		{F28C1A50-FE22-4391-B451-70A22761B7FC}.Debug|Any CPU.Build.0 = Debug|Any CPU
		{F28C1A50-FE22-4391-B451-70A22761B7FC}.Release|Any CPU.ActiveCfg = Release|Any CPU
		{F28C1A50-FE22-4391-B451-70A22761B7FC}.Release|Any CPU.Build.0 = Release|Any CPU
	EndGlobalSection
	GlobalSection(SolutionProperties) = preSolution
		HideSolutionNode = FALSE
	EndGlobalSection
	GlobalSection(ExtensibilityGlobals) = postSolution
		SolutionGuid = {0808AB59-C0EC-4E17-A9A4-5B8A55A340EC}
	EndGlobalSection
EndGlobal
