
Microsoft Visual Studio Solution File, Format Version 12.00
# Visual Studio Version 17
VisualStudioVersion = 17.7.34202.233
MinimumVisualStudioVersion = 10.0.40219.1
Project("{FAE04EC0-301F-11D3-BF4B-00C04F79EFBC}") = "34-Eventum", "34-Eventum\34-Eventum.csproj", "{79C9D068-5915-454A-8B3A-9797B3393E5A}"
EndProject
Global
	GlobalSection(SolutionConfigurationPlatforms) = preSolution
		Debug|Any CPU = Debug|Any CPU
		Release|Any CPU = Release|Any CPU
	EndGlobalSection
	GlobalSection(ProjectConfigurationPlatforms) = postSolution
		{79C9D068-5915-454A-8B3A-9797B3393E5A}.Debug|Any CPU.ActiveCfg = Debug|Any CPU
		{79C9D068-5915-454A-8B3A-9797B3393E5A}.Debug|Any CPU.Build.0 = Debug|Any CPU
		{79C9D068-5915-454A-8B3A-9797B3393E5A}.Release|Any CPU.ActiveCfg = Release|Any CPU
		{79C9D068-5915-454A-8B3A-9797B3393E5A}.Release|Any CPU.Build.0 = Release|Any CPU
	EndGlobalSection
	GlobalSection(SolutionProperties) = preSolution
		HideSolutionNode = FALSE
	EndGlobalSection
	GlobalSection(ExtensibilityGlobals) = postSolution
		SolutionGuid = {E514E64B-1F8B-43D4-84E1-44CFA686D8DF}
	EndGlobalSection
EndGlobal
