
Microsoft Visual Studio Solution File, Format Version 12.00
# Visual Studio Version 17
VisualStudioVersion = 17.7.34202.233
MinimumVisualStudioVersion = 10.0.40219.1
Project("{FAE04EC0-301F-11D3-BF4B-00C04F79EFBC}") = "10-Sort Array", "10-Sort Array\10-Sort Array.csproj", "{3AFC7276-A642-445A-B766-89589F24554E}"
EndProject
Global
	GlobalSection(SolutionConfigurationPlatforms) = preSolution
		Debug|Any CPU = Debug|Any CPU
		Release|Any CPU = Release|Any CPU
	EndGlobalSection
	GlobalSection(ProjectConfigurationPlatforms) = postSolution
		{3AFC7276-A642-445A-B766-89589F24554E}.Debug|Any CPU.ActiveCfg = Debug|Any CPU
		{3AFC7276-A642-445A-B766-89589F24554E}.Debug|Any CPU.Build.0 = Debug|Any CPU
		{3AFC7276-A642-445A-B766-89589F24554E}.Release|Any CPU.ActiveCfg = Release|Any CPU
		{3AFC7276-A642-445A-B766-89589F24554E}.Release|Any CPU.Build.0 = Release|Any CPU
	EndGlobalSection
	GlobalSection(SolutionProperties) = preSolution
		HideSolutionNode = FALSE
	EndGlobalSection
	GlobalSection(ExtensibilityGlobals) = postSolution
		SolutionGuid = {CB8DAF4E-AE0A-4647-87AD-1367941E274F}
	EndGlobalSection
EndGlobal
